// !$*UTF8*$!
{
	archiveVersion = 1;
	classes = {
	};
	objectVersion = 50;
	objects = {

/* Begin PBXBuildFile section */
		B800321927FFB8B800D2B4F5 /* infoCell.swift in Sources */ = {isa = PBXBuildFile; fileRef = B800321727FFB8B800D2B4F5 /* infoCell.swift */; };
		B800321A27FFB8B800D2B4F5 /* infoCell.xib in Resources */ = {isa = PBXBuildFile; fileRef = B800321827FFB8B800D2B4F5 /* infoCell.xib */; };
		B811C7A228077D3B00B32C9A /* RocketLaunches.swift in Sources */ = {isa = PBXBuildFile; fileRef = B811C7A028077D3B00B32C9A /* RocketLaunches.swift */; };
		B811C7A328077D3B00B32C9A /* RocketLaunches.xib in Resources */ = {isa = PBXBuildFile; fileRef = B811C7A128077D3B00B32C9A /* RocketLaunches.xib */; };
		B8A80E4D27FFD62F009851FE /* DetailVc.swift in Sources */ = {isa = PBXBuildFile; fileRef = B8A80E4C27FFD62F009851FE /* DetailVc.swift */; };
		B8A80E5027FFD6DE009851FE /* DetailCell.swift in Sources */ = {isa = PBXBuildFile; fileRef = B8A80E4E27FFD6DE009851FE /* DetailCell.swift */; };
		B8A80E5127FFD6DE009851FE /* DetailCell.xib in Resources */ = {isa = PBXBuildFile; fileRef = B8A80E4F27FFD6DE009851FE /* DetailCell.xib */; };
		B8AFC89327FFEE320051A191 /* OpenVc.swift in Sources */ = {isa = PBXBuildFile; fileRef = B8AFC89127FFEE320051A191 /* OpenVc.swift */; };
		B8B455962807BEA100F1265F /* DateExtensions.swift in Sources */ = {isa = PBXBuildFile; fileRef = B8B455952807BEA100F1265F /* DateExtensions.swift */; };
		B8B455992807D2BC00F1265F /* TableExtension.swift in Sources */ = {isa = PBXBuildFile; fileRef = B8B455982807D2BC00F1265F /* TableExtension.swift */; };
		B8B4559B2807D55100F1265F /* SelectorForButton.swift in Sources */ = {isa = PBXBuildFile; fileRef = B8B4559A2807D55100F1265F /* SelectorForButton.swift */; };
		B8B4559D2807D5DE00F1265F /* Utils.swift in Sources */ = {isa = PBXBuildFile; fileRef = B8B4559C2807D5DE00F1265F /* Utils.swift */; };
		B8BCAE7F27FDDFAC009E2E52 /* ImageViewCell.swift in Sources */ = {isa = PBXBuildFile; fileRef = B8BCAE7E27FDDFAC009E2E52 /* ImageViewCell.swift */; };
		B8BD1AC12804E08500C2F7A9 /* Manager.swift in Sources */ = {isa = PBXBuildFile; fileRef = B8BD1AC02804E08500C2F7A9 /* Manager.swift */; };
		B8BD1AC428051F4000C2F7A9 /* Launches.swift in Sources */ = {isa = PBXBuildFile; fileRef = B8BD1AC328051F4000C2F7A9 /* Launches.swift */; };
		B8C319FF280909880072A56A /* OptionsTableViewCell.swift in Sources */ = {isa = PBXBuildFile; fileRef = B8C319FD280909880072A56A /* OptionsTableViewCell.swift */; };
		B8C31A00280909880072A56A /* OptionsTableViewCell.xib in Resources */ = {isa = PBXBuildFile; fileRef = B8C319FE280909880072A56A /* OptionsTableViewCell.xib */; };
		B8C31A03280909AB0072A56A /* OptionCollectionViewCell.swift in Sources */ = {isa = PBXBuildFile; fileRef = B8C31A01280909AB0072A56A /* OptionCollectionViewCell.swift */; };
		B8C31A04280909AB0072A56A /* OptionCollectionViewCell.xib in Resources */ = {isa = PBXBuildFile; fileRef = B8C31A02280909AB0072A56A /* OptionCollectionViewCell.xib */; };
		B8C31A08280941CE0072A56A /* NameAndSettingsCell.swift in Sources */ = {isa = PBXBuildFile; fileRef = B8C31A07280941CE0072A56A /* NameAndSettingsCell.swift */; };
		B8C31A0A280955E70072A56A /* Parameters.swift in Sources */ = {isa = PBXBuildFile; fileRef = B8C31A09280955E70072A56A /* Parameters.swift */; };
		B8C31A0D28096A330072A56A /* SettingsVc.swift in Sources */ = {isa = PBXBuildFile; fileRef = B8C31A0B28096A330072A56A /* SettingsVc.swift */; };
		B8C31A102809AD940072A56A /* SettingsCell.swift in Sources */ = {isa = PBXBuildFile; fileRef = B8C31A0F2809AD940072A56A /* SettingsCell.swift */; };
		B8EEE60127FD20F1006931C4 /* AppDelegate.swift in Sources */ = {isa = PBXBuildFile; fileRef = B8EEE60027FD20F1006931C4 /* AppDelegate.swift */; };
		B8EEE60327FD20F1006931C4 /* SceneDelegate.swift in Sources */ = {isa = PBXBuildFile; fileRef = B8EEE60227FD20F1006931C4 /* SceneDelegate.swift */; };
		B8EEE60A27FD20F1006931C4 /* Assets.xcassets in Resources */ = {isa = PBXBuildFile; fileRef = B8EEE60927FD20F1006931C4 /* Assets.xcassets */; };
		B8EEE60D27FD20F1006931C4 /* LaunchScreen.storyboard in Resources */ = {isa = PBXBuildFile; fileRef = B8EEE60B27FD20F1006931C4 /* LaunchScreen.storyboard */; };
		B8EEE61727FD3640006931C4 /* Main.storyboard in Resources */ = {isa = PBXBuildFile; fileRef = B8EEE61627FD3640006931C4 /* Main.storyboard */; };
		B8F9CBE427FF778C004B3415 /* StartVc.swift in Sources */ = {isa = PBXBuildFile; fileRef = B8F9CBE327FF778C004B3415 /* StartVc.swift */; };
		B8F9CBE727FF856C004B3415 /* Rocket.swift in Sources */ = {isa = PBXBuildFile; fileRef = B8F9CBE627FF856C004B3415 /* Rocket.swift */; };
/* End PBXBuildFile section */

/* Begin PBXFileReference section */
		B800321727FFB8B800D2B4F5 /* infoCell.swift */ = {isa = PBXFileReference; lastKnownFileType = sourcecode.swift; path = infoCell.swift; sourceTree = "<group>"; };
		B800321827FFB8B800D2B4F5 /* infoCell.xib */ = {isa = PBXFileReference; lastKnownFileType = file.xib; path = infoCell.xib; sourceTree = "<group>"; };
		B811C7A028077D3B00B32C9A /* RocketLaunches.swift */ = {isa = PBXFileReference; lastKnownFileType = sourcecode.swift; path = RocketLaunches.swift; sourceTree = "<group>"; };
		B811C7A128077D3B00B32C9A /* RocketLaunches.xib */ = {isa = PBXFileReference; lastKnownFileType = file.xib; path = RocketLaunches.xib; sourceTree = "<group>"; };
		B8A80E4C27FFD62F009851FE /* DetailVc.swift */ = {isa = PBXFileReference; lastKnownFileType = sourcecode.swift; path = DetailVc.swift; sourceTree = "<group>"; };
		B8A80E4E27FFD6DE009851FE /* DetailCell.swift */ = {isa = PBXFileReference; lastKnownFileType = sourcecode.swift; path = DetailCell.swift; sourceTree = "<group>"; };
		B8A80E4F27FFD6DE009851FE /* DetailCell.xib */ = {isa = PBXFileReference; lastKnownFileType = file.xib; path = DetailCell.xib; sourceTree = "<group>"; };
		B8AFC89127FFEE320051A191 /* OpenVc.swift */ = {isa = PBXFileReference; lastKnownFileType = sourcecode.swift; path = OpenVc.swift; sourceTree = "<group>"; };
		B8B455952807BEA100F1265F /* DateExtensions.swift */ = {isa = PBXFileReference; lastKnownFileType = sourcecode.swift; path = DateExtensions.swift; sourceTree = "<group>"; };
		B8B455982807D2BC00F1265F /* TableExtension.swift */ = {isa = PBXFileReference; lastKnownFileType = sourcecode.swift; path = TableExtension.swift; sourceTree = "<group>"; };
		B8B4559A2807D55100F1265F /* SelectorForButton.swift */ = {isa = PBXFileReference; lastKnownFileType = sourcecode.swift; path = SelectorForButton.swift; sourceTree = "<group>"; };
		B8B4559C2807D5DE00F1265F /* Utils.swift */ = {isa = PBXFileReference; lastKnownFileType = sourcecode.swift; path = Utils.swift; sourceTree = "<group>"; };
		B8BCAE7E27FDDFAC009E2E52 /* ImageViewCell.swift */ = {isa = PBXFileReference; lastKnownFileType = sourcecode.swift; path = ImageViewCell.swift; sourceTree = "<group>"; };
		B8BD1AC02804E08500C2F7A9 /* Manager.swift */ = {isa = PBXFileReference; lastKnownFileType = sourcecode.swift; path = Manager.swift; sourceTree = "<group>"; };
		B8BD1AC328051F4000C2F7A9 /* Launches.swift */ = {isa = PBXFileReference; lastKnownFileType = sourcecode.swift; path = Launches.swift; sourceTree = "<group>"; };
		B8C319FD280909880072A56A /* OptionsTableViewCell.swift */ = {isa = PBXFileReference; lastKnownFileType = sourcecode.swift; path = OptionsTableViewCell.swift; sourceTree = "<group>"; };
		B8C319FE280909880072A56A /* OptionsTableViewCell.xib */ = {isa = PBXFileReference; lastKnownFileType = file.xib; path = OptionsTableViewCell.xib; sourceTree = "<group>"; };
		B8C31A01280909AB0072A56A /* OptionCollectionViewCell.swift */ = {isa = PBXFileReference; lastKnownFileType = sourcecode.swift; path = OptionCollectionViewCell.swift; sourceTree = "<group>"; };
		B8C31A02280909AB0072A56A /* OptionCollectionViewCell.xib */ = {isa = PBXFileReference; lastKnownFileType = file.xib; path = OptionCollectionViewCell.xib; sourceTree = "<group>"; };
		B8C31A07280941CE0072A56A /* NameAndSettingsCell.swift */ = {isa = PBXFileReference; lastKnownFileType = sourcecode.swift; path = NameAndSettingsCell.swift; sourceTree = "<group>"; };
		B8C31A09280955E70072A56A /* Parameters.swift */ = {isa = PBXFileReference; lastKnownFileType = sourcecode.swift; path = Parameters.swift; sourceTree = "<group>"; };
		B8C31A0B28096A330072A56A /* SettingsVc.swift */ = {isa = PBXFileReference; lastKnownFileType = sourcecode.swift; path = SettingsVc.swift; sourceTree = "<group>"; };
		B8C31A0F2809AD940072A56A /* SettingsCell.swift */ = {isa = PBXFileReference; lastKnownFileType = sourcecode.swift; path = SettingsCell.swift; sourceTree = "<group>"; };
		B8EEE5FD27FD20F0006931C4 /* spaceX.app */ = {isa = PBXFileReference; explicitFileType = wrapper.application; includeInIndex = 0; path = spaceX.app; sourceTree = BUILT_PRODUCTS_DIR; };
		B8EEE60027FD20F1006931C4 /* AppDelegate.swift */ = {isa = PBXFileReference; lastKnownFileType = sourcecode.swift; path = AppDelegate.swift; sourceTree = "<group>"; };
		B8EEE60227FD20F1006931C4 /* SceneDelegate.swift */ = {isa = PBXFileReference; lastKnownFileType = sourcecode.swift; path = SceneDelegate.swift; sourceTree = "<group>"; };
		B8EEE60927FD20F1006931C4 /* Assets.xcassets */ = {isa = PBXFileReference; lastKnownFileType = folder.assetcatalog; path = Assets.xcassets; sourceTree = "<group>"; };
		B8EEE60C27FD20F1006931C4 /* Base */ = {isa = PBXFileReference; lastKnownFileType = file.storyboard; name = Base; path = Base.lproj/LaunchScreen.storyboard; sourceTree = "<group>"; };
		B8EEE60E27FD20F1006931C4 /* Info.plist */ = {isa = PBXFileReference; lastKnownFileType = text.plist.xml; path = Info.plist; sourceTree = "<group>"; };
		B8EEE61627FD3640006931C4 /* Main.storyboard */ = {isa = PBXFileReference; lastKnownFileType = file.storyboard; path = Main.storyboard; sourceTree = "<group>"; };
		B8F9CBE327FF778C004B3415 /* StartVc.swift */ = {isa = PBXFileReference; lastKnownFileType = sourcecode.swift; path = StartVc.swift; sourceTree = "<group>"; };
		B8F9CBE627FF856C004B3415 /* Rocket.swift */ = {isa = PBXFileReference; lastKnownFileType = sourcecode.swift; path = Rocket.swift; sourceTree = "<group>"; };
/* End PBXFileReference section */

/* Begin PBXFrameworksBuildPhase section */
		B8EEE5FA27FD20F0006931C4 /* Frameworks */ = {
			isa = PBXFrameworksBuildPhase;
			buildActionMask = 2147483647;
			files = (
			);
			runOnlyForDeploymentPostprocessing = 0;
		};
/* End PBXFrameworksBuildPhase section */

/* Begin PBXGroup section */
		B8B455972807D27800F1265F /* StartVcTableView */ = {
			isa = PBXGroup;
			children = (
				B8B455982807D2BC00F1265F /* TableExtension.swift */,
				B8B4559A2807D55100F1265F /* SelectorForButton.swift */,
			);
			path = StartVcTableView;
			sourceTree = "<group>";
		};
		B8B4559E2807D82000F1265F /* default */ = {
			isa = PBXGroup;
			children = (
				B8EEE60027FD20F1006931C4 /* AppDelegate.swift */,
				B8EEE60227FD20F1006931C4 /* SceneDelegate.swift */,
			);
			path = default;
			sourceTree = "<group>";
		};
		B8B4559F2807D87700F1265F /* IB */ = {
			isa = PBXGroup;
			children = (
				B8EEE60B27FD20F1006931C4 /* LaunchScreen.storyboard */,
				B8EEE61627FD3640006931C4 /* Main.storyboard */,
			);
			path = IB;
			sourceTree = "<group>";
		};
		B8BD1AC22804E91400C2F7A9 /* API */ = {
			isa = PBXGroup;
			children = (
				B8BD1AC02804E08500C2F7A9 /* Manager.swift */,
			);
			path = API;
			sourceTree = "<group>";
		};
		B8C31A112809ADB90072A56A /* forStartScreen */ = {
			isa = PBXGroup;
			children = (
				B8C31A122809AE1E0072A56A /* CollectionView */,
				B800321727FFB8B800D2B4F5 /* infoCell.swift */,
				B8A80E4E27FFD6DE009851FE /* DetailCell.swift */,
				B8BCAE7E27FDDFAC009E2E52 /* ImageViewCell.swift */,
				B8C31A07280941CE0072A56A /* NameAndSettingsCell.swift */,
			);
			path = forStartScreen;
			sourceTree = "<group>";
		};
		B8C31A122809AE1E0072A56A /* CollectionView */ = {
			isa = PBXGroup;
			children = (
				B8C319FD280909880072A56A /* OptionsTableViewCell.swift */,
				B8C31A01280909AB0072A56A /* OptionCollectionViewCell.swift */,
			);
			path = CollectionView;
			sourceTree = "<group>";
		};
		B8C31A132809AE900072A56A /* forLaunchesScreen */ = {
			isa = PBXGroup;
			children = (
				B811C7A028077D3B00B32C9A /* RocketLaunches.swift */,
			);
			path = forLaunchesScreen;
			sourceTree = "<group>";
		};
		B8C31A142809AEE50072A56A /* forSettingsScreen */ = {
			isa = PBXGroup;
			children = (
				B8C31A0F2809AD940072A56A /* SettingsCell.swift */,
			);
			path = forSettingsScreen;
			sourceTree = "<group>";
		};
		B8EEAA7E2800B86200CC2BC0 /* Model */ = {
			isa = PBXGroup;
			children = (
				B8F9CBE627FF856C004B3415 /* Rocket.swift */,
				B8BD1AC328051F4000C2F7A9 /* Launches.swift */,
				B8C31A09280955E70072A56A /* Parameters.swift */,
				B8B455952807BEA100F1265F /* DateExtensions.swift */,
			);
			path = Model;
			sourceTree = "<group>";
		};
		B8EEAA822800D06400CC2BC0 /* VCs */ = {
			isa = PBXGroup;
			children = (
				B8B455972807D27800F1265F /* StartVcTableView */,
				B8F9CBE327FF778C004B3415 /* StartVc.swift */,
				B8AFC89127FFEE320051A191 /* OpenVc.swift */,
				B8C31A0B28096A330072A56A /* SettingsVc.swift */,
				B8B4559C2807D5DE00F1265F /* Utils.swift */,
			);
			path = VCs;
			sourceTree = "<group>";
		};
		B8EEAA842800D14200CC2BC0 /* Cells */ = {
			isa = PBXGroup;
			children = (
				B8C31A112809ADB90072A56A /* forStartScreen */,
				B8C31A132809AE900072A56A /* forLaunchesScreen */,
				B8C31A142809AEE50072A56A /* forSettingsScreen */,
				B8EEAA852800D1A600CC2BC0 /* xibs */,
			);
			path = Cells;
			sourceTree = "<group>";
		};
		B8EEAA852800D1A600CC2BC0 /* xibs */ = {
			isa = PBXGroup;
			children = (
				B800321827FFB8B800D2B4F5 /* infoCell.xib */,
				B8A80E4F27FFD6DE009851FE /* DetailCell.xib */,
				B811C7A128077D3B00B32C9A /* RocketLaunches.xib */,
				B8C319FE280909880072A56A /* OptionsTableViewCell.xib */,
				B8C31A02280909AB0072A56A /* OptionCollectionViewCell.xib */,
			);
			path = xibs;
			sourceTree = "<group>";
		};
		B8EEE5F427FD20F0006931C4 = {
			isa = PBXGroup;
			children = (
				B8EEE5FF27FD20F0006931C4 /* spaceX */,
				B8EEE5FE27FD20F0006931C4 /* Products */,
			);
			sourceTree = "<group>";
		};
		B8EEE5FE27FD20F0006931C4 /* Products */ = {
			isa = PBXGroup;
			children = (
				B8EEE5FD27FD20F0006931C4 /* spaceX.app */,
			);
			name = Products;
			sourceTree = "<group>";
		};
		B8EEE5FF27FD20F0006931C4 /* spaceX */ = {
			isa = PBXGroup;
			children = (
				B8EEE60927FD20F1006931C4 /* Assets.xcassets */,
				B8EEE60E27FD20F1006931C4 /* Info.plist */,
				B8B4559F2807D87700F1265F /* IB */,
				B8B4559E2807D82000F1265F /* default */,
				B8F9CBE527FF77A7004B3415 /* src */,
			);
			path = spaceX;
			sourceTree = "<group>";
		};
		B8F9CBE527FF77A7004B3415 /* src */ = {
			isa = PBXGroup;
			children = (
				B8EEAA822800D06400CC2BC0 /* VCs */,
				B8EEAA842800D14200CC2BC0 /* Cells */,
				B8EEAA7E2800B86200CC2BC0 /* Model */,
				B8A80E4C27FFD62F009851FE /* DetailVc.swift */,
				B8BD1AC22804E91400C2F7A9 /* API */,
			);
			path = src;
			sourceTree = "<group>";
		};
/* End PBXGroup section */

/* Begin PBXNativeTarget section */
		B8EEE5FC27FD20F0006931C4 /* spaceX */ = {
			isa = PBXNativeTarget;
			buildConfigurationList = B8EEE61127FD20F1006931C4 /* Build configuration list for PBXNativeTarget "spaceX" */;
			buildPhases = (
				B8EEE5F927FD20F0006931C4 /* Sources */,
				B8EEE5FA27FD20F0006931C4 /* Frameworks */,
				B8EEE5FB27FD20F0006931C4 /* Resources */,
			);
			buildRules = (
			);
			dependencies = (
			);
			name = spaceX;
			productName = spaceX;
			productReference = B8EEE5FD27FD20F0006931C4 /* spaceX.app */;
			productType = "com.apple.product-type.application";
		};
/* End PBXNativeTarget section */

/* Begin PBXProject section */
		B8EEE5F527FD20F0006931C4 /* Project object */ = {
			isa = PBXProject;
			attributes = {
				LastSwiftUpdateCheck = 1130;
				LastUpgradeCheck = 1130;
				ORGANIZATIONNAME = AANTILOC;
				TargetAttributes = {
					B8EEE5FC27FD20F0006931C4 = {
						CreatedOnToolsVersion = 11.3.1;
					};
				};
			};
			buildConfigurationList = B8EEE5F827FD20F0006931C4 /* Build configuration list for PBXProject "spaceX" */;
			compatibilityVersion = "Xcode 9.3";
			developmentRegion = en;
			hasScannedForEncodings = 0;
			knownRegions = (
				en,
				Base,
			);
			mainGroup = B8EEE5F427FD20F0006931C4;
			productRefGroup = B8EEE5FE27FD20F0006931C4 /* Products */;
			projectDirPath = "";
			projectRoot = "";
			targets = (
				B8EEE5FC27FD20F0006931C4 /* spaceX */,
			);
		};
/* End PBXProject section */

/* Begin PBXResourcesBuildPhase section */
		B8EEE5FB27FD20F0006931C4 /* Resources */ = {
			isa = PBXResourcesBuildPhase;
			buildActionMask = 2147483647;
			files = (
				B8EEE61727FD3640006931C4 /* Main.storyboard in Resources */,
				B800321A27FFB8B800D2B4F5 /* infoCell.xib in Resources */,
				B811C7A328077D3B00B32C9A /* RocketLaunches.xib in Resources */,
				B8C31A00280909880072A56A /* OptionsTableViewCell.xib in Resources */,
				B8EEE60D27FD20F1006931C4 /* LaunchScreen.storyboard in Resources */,
				B8C31A04280909AB0072A56A /* OptionCollectionViewCell.xib in Resources */,
				B8EEE60A27FD20F1006931C4 /* Assets.xcassets in Resources */,
				B8A80E5127FFD6DE009851FE /* DetailCell.xib in Resources */,
			);
			runOnlyForDeploymentPostprocessing = 0;
		};
/* End PBXResourcesBuildPhase section */

/* Begin PBXSourcesBuildPhase section */
		B8EEE5F927FD20F0006931C4 /* Sources */ = {
			isa = PBXSourcesBuildPhase;
			buildActionMask = 2147483647;
			files = (
				B8A80E5027FFD6DE009851FE /* DetailCell.swift in Sources */,
				B800321927FFB8B800D2B4F5 /* infoCell.swift in Sources */,
				B8A80E4D27FFD62F009851FE /* DetailVc.swift in Sources */,
				B8C319FF280909880072A56A /* OptionsTableViewCell.swift in Sources */,
				B8BD1AC428051F4000C2F7A9 /* Launches.swift in Sources */,
				B8EEE60127FD20F1006931C4 /* AppDelegate.swift in Sources */,
				B8BD1AC12804E08500C2F7A9 /* Manager.swift in Sources */,
				B8B455962807BEA100F1265F /* DateExtensions.swift in Sources */,
				B811C7A228077D3B00B32C9A /* RocketLaunches.swift in Sources */,
				B8F9CBE727FF856C004B3415 /* Rocket.swift in Sources */,
				B8C31A102809AD940072A56A /* SettingsCell.swift in Sources */,
				B8C31A08280941CE0072A56A /* NameAndSettingsCell.swift in Sources */,
				B8B4559B2807D55100F1265F /* SelectorForButton.swift in Sources */,
				B8C31A03280909AB0072A56A /* OptionCollectionViewCell.swift in Sources */,
				B8C31A0D28096A330072A56A /* SettingsVc.swift in Sources */,
				B8AFC89327FFEE320051A191 /* OpenVc.swift in Sources */,
				B8BCAE7F27FDDFAC009E2E52 /* ImageViewCell.swift in Sources */,
				B8C31A0A280955E70072A56A /* Parameters.swift in Sources */,
				B8EEE60327FD20F1006931C4 /* SceneDelegate.swift in Sources */,
				B8B455992807D2BC00F1265F /* TableExtension.swift in Sources */,
				B8F9CBE427FF778C004B3415 /* StartVc.swift in Sources */,
				B8B4559D2807D5DE00F1265F /* Utils.swift in Sources */,
			);
			runOnlyForDeploymentPostprocessing = 0;
		};
/* End PBXSourcesBuildPhase section */

/* Begin PBXVariantGroup section */
		B8EEE60B27FD20F1006931C4 /* LaunchScreen.storyboard */ = {
			isa = PBXVariantGroup;
			children = (
				B8EEE60C27FD20F1006931C4 /* Base */,
			);
			name = LaunchScreen.storyboard;
			sourceTree = "<group>";
		};
/* End PBXVariantGroup section */

/* Begin XCBuildConfiguration section */
		B8EEE60F27FD20F1006931C4 /* Debug */ = {
			isa = XCBuildConfiguration;
			buildSettings = {
				ALWAYS_SEARCH_USER_PATHS = NO;
				CLANG_ANALYZER_NONNULL = YES;
				CLANG_ANALYZER_NUMBER_OBJECT_CONVERSION = YES_AGGRESSIVE;
				CLANG_CXX_LANGUAGE_STANDARD = "gnu++14";
				CLANG_CXX_LIBRARY = "libc++";
				CLANG_ENABLE_MODULES = YES;
				CLANG_ENABLE_OBJC_ARC = YES;
				CLANG_ENABLE_OBJC_WEAK = YES;
				CLANG_WARN_BLOCK_CAPTURE_AUTORELEASING = YES;
				CLANG_WARN_BOOL_CONVERSION = YES;
				CLANG_WARN_COMMA = YES;
				CLANG_WARN_CONSTANT_CONVERSION = YES;
				CLANG_WARN_DEPRECATED_OBJC_IMPLEMENTATIONS = YES;
				CLANG_WARN_DIRECT_OBJC_ISA_USAGE = YES_ERROR;
				CLANG_WARN_DOCUMENTATION_COMMENTS = YES;
				CLANG_WARN_EMPTY_BODY = YES;
				CLANG_WARN_ENUM_CONVERSION = YES;
				CLANG_WARN_INFINITE_RECURSION = YES;
				CLANG_WARN_INT_CONVERSION = YES;
				CLANG_WARN_NON_LITERAL_NULL_CONVERSION = YES;
				CLANG_WARN_OBJC_IMPLICIT_RETAIN_SELF = YES;
				CLANG_WARN_OBJC_LITERAL_CONVERSION = YES;
				CLANG_WARN_OBJC_ROOT_CLASS = YES_ERROR;
				CLANG_WARN_RANGE_LOOP_ANALYSIS = YES;
				CLANG_WARN_STRICT_PROTOTYPES = YES;
				CLANG_WARN_SUSPICIOUS_MOVE = YES;
				CLANG_WARN_UNGUARDED_AVAILABILITY = YES_AGGRESSIVE;
				CLANG_WARN_UNREACHABLE_CODE = YES;
				CLANG_WARN__DUPLICATE_METHOD_MATCH = YES;
				COPY_PHASE_STRIP = NO;
				DEBUG_INFORMATION_FORMAT = dwarf;
				ENABLE_STRICT_OBJC_MSGSEND = YES;
				ENABLE_TESTABILITY = YES;
				GCC_C_LANGUAGE_STANDARD = gnu11;
				GCC_DYNAMIC_NO_PIC = NO;
				GCC_NO_COMMON_BLOCKS = YES;
				GCC_OPTIMIZATION_LEVEL = 0;
				GCC_PREPROCESSOR_DEFINITIONS = (
					"DEBUG=1",
					"$(inherited)",
				);
				GCC_WARN_64_TO_32_BIT_CONVERSION = YES;
				GCC_WARN_ABOUT_RETURN_TYPE = YES_ERROR;
				GCC_WARN_UNDECLARED_SELECTOR = YES;
				GCC_WARN_UNINITIALIZED_AUTOS = YES_AGGRESSIVE;
				GCC_WARN_UNUSED_FUNCTION = YES;
				GCC_WARN_UNUSED_VARIABLE = YES;
				IPHONEOS_DEPLOYMENT_TARGET = 13.2;
				MTL_ENABLE_DEBUG_INFO = INCLUDE_SOURCE;
				MTL_FAST_MATH = YES;
				ONLY_ACTIVE_ARCH = YES;
				SDKROOT = iphoneos;
				SWIFT_ACTIVE_COMPILATION_CONDITIONS = DEBUG;
				SWIFT_OPTIMIZATION_LEVEL = "-Onone";
			};
			name = Debug;
		};
		B8EEE61027FD20F1006931C4 /* Release */ = {
			isa = XCBuildConfiguration;
			buildSettings = {
				ALWAYS_SEARCH_USER_PATHS = NO;
				CLANG_ANALYZER_NONNULL = YES;
				CLANG_ANALYZER_NUMBER_OBJECT_CONVERSION = YES_AGGRESSIVE;
				CLANG_CXX_LANGUAGE_STANDARD = "gnu++14";
				CLANG_CXX_LIBRARY = "libc++";
				CLANG_ENABLE_MODULES = YES;
				CLANG_ENABLE_OBJC_ARC = YES;
				CLANG_ENABLE_OBJC_WEAK = YES;
				CLANG_WARN_BLOCK_CAPTURE_AUTORELEASING = YES;
				CLANG_WARN_BOOL_CONVERSION = YES;
				CLANG_WARN_COMMA = YES;
				CLANG_WARN_CONSTANT_CONVERSION = YES;
				CLANG_WARN_DEPRECATED_OBJC_IMPLEMENTATIONS = YES;
				CLANG_WARN_DIRECT_OBJC_ISA_USAGE = YES_ERROR;
				CLANG_WARN_DOCUMENTATION_COMMENTS = YES;
				CLANG_WARN_EMPTY_BODY = YES;
				CLANG_WARN_ENUM_CONVERSION = YES;
				CLANG_WARN_INFINITE_RECURSION = YES;
				CLANG_WARN_INT_CONVERSION = YES;
				CLANG_WARN_NON_LITERAL_NULL_CONVERSION = YES;
				CLANG_WARN_OBJC_IMPLICIT_RETAIN_SELF = YES;
				CLANG_WARN_OBJC_LITERAL_CONVERSION = YES;
				CLANG_WARN_OBJC_ROOT_CLASS = YES_ERROR;
				CLANG_WARN_RANGE_LOOP_ANALYSIS = YES;
				CLANG_WARN_STRICT_PROTOTYPES = YES;
				CLANG_WARN_SUSPICIOUS_MOVE = YES;
				CLANG_WARN_UNGUARDED_AVAILABILITY = YES_AGGRESSIVE;
				CLANG_WARN_UNREACHABLE_CODE = YES;
				CLANG_WARN__DUPLICATE_METHOD_MATCH = YES;
				COPY_PHASE_STRIP = NO;
				DEBUG_INFORMATION_FORMAT = "dwarf-with-dsym";
				ENABLE_NS_ASSERTIONS = NO;
				ENABLE_STRICT_OBJC_MSGSEND = YES;
				GCC_C_LANGUAGE_STANDARD = gnu11;
				GCC_NO_COMMON_BLOCKS = YES;
				GCC_WARN_64_TO_32_BIT_CONVERSION = YES;
				GCC_WARN_ABOUT_RETURN_TYPE = YES_ERROR;
				GCC_WARN_UNDECLARED_SELECTOR = YES;
				GCC_WARN_UNINITIALIZED_AUTOS = YES_AGGRESSIVE;
				GCC_WARN_UNUSED_FUNCTION = YES;
				GCC_WARN_UNUSED_VARIABLE = YES;
				IPHONEOS_DEPLOYMENT_TARGET = 13.2;
				MTL_ENABLE_DEBUG_INFO = NO;
				MTL_FAST_MATH = YES;
				SDKROOT = iphoneos;
				SWIFT_COMPILATION_MODE = wholemodule;
				SWIFT_OPTIMIZATION_LEVEL = "-O";
				VALIDATE_PRODUCT = YES;
			};
			name = Release;
		};
		B8EEE61227FD20F1006931C4 /* Debug */ = {
			isa = XCBuildConfiguration;
			buildSettings = {
				ASSETCATALOG_COMPILER_APPICON_NAME = AppIcon;
				CODE_SIGN_STYLE = Automatic;
				INFOPLIST_FILE = spaceX/Info.plist;
				LD_RUNPATH_SEARCH_PATHS = (
					"$(inherited)",
					"@executable_path/Frameworks",
				);
				PRODUCT_BUNDLE_IDENTIFIER = com.aantiloc.spaceX;
				PRODUCT_NAME = "$(TARGET_NAME)";
				SWIFT_VERSION = 5.0;
				TARGETED_DEVICE_FAMILY = "1,2";
			};
			name = Debug;
		};
		B8EEE61327FD20F1006931C4 /* Release */ = {
			isa = XCBuildConfiguration;
			buildSettings = {
				ASSETCATALOG_COMPILER_APPICON_NAME = AppIcon;
				CODE_SIGN_STYLE = Automatic;
				INFOPLIST_FILE = spaceX/Info.plist;
				LD_RUNPATH_SEARCH_PATHS = (
					"$(inherited)",
					"@executable_path/Frameworks",
				);
				PRODUCT_BUNDLE_IDENTIFIER = com.aantiloc.spaceX;
				PRODUCT_NAME = "$(TARGET_NAME)";
				SWIFT_VERSION = 5.0;
				TARGETED_DEVICE_FAMILY = "1,2";
			};
			name = Release;
		};
/* End XCBuildConfiguration section */

/* Begin XCConfigurationList section */
		B8EEE5F827FD20F0006931C4 /* Build configuration list for PBXProject "spaceX" */ = {
			isa = XCConfigurationList;
			buildConfigurations = (
				B8EEE60F27FD20F1006931C4 /* Debug */,
				B8EEE61027FD20F1006931C4 /* Release */,
			);
			defaultConfigurationIsVisible = 0;
			defaultConfigurationName = Release;
		};
		B8EEE61127FD20F1006931C4 /* Build configuration list for PBXNativeTarget "spaceX" */ = {
			isa = XCConfigurationList;
			buildConfigurations = (
				B8EEE61227FD20F1006931C4 /* Debug */,
				B8EEE61327FD20F1006931C4 /* Release */,
			);
			defaultConfigurationIsVisible = 0;
			defaultConfigurationName = Release;
		};
/* End XCConfigurationList section */
	};
	rootObject = B8EEE5F527FD20F0006931C4 /* Project object */;
}
